
Microsoft Visual Studio Solution File, Format Version 12.00
# Visual Studio Version 18
VisualStudioVersion = 18.6.11723.189
MinimumVisualStudioVersion = 10.0.40219.1
Project("{FAE04EC0-301F-11D3-BF4B-00C04F79EFBC}") = "Applications.AppHost", "AppHost\Applications.AppHost\Applications.AppHost.csproj", "{7151B90D-AF41-4AD2-8290-BA2817FD93B2}"
EndProject
Project("{FAE04EC0-301F-11D3-BF4B-00C04F79EFBC}") = "Applications.ServiceDefaults", "AppHost\Applications.ServiceDefaults\Applications.ServiceDefaults.csproj", "{A258E00E-C1C5-9CF8-0E66-EE4BACD1A6D6}"
EndProject
Project("{2150E333-8FDC-42A3-9474-1A3956D46DE8}") = "src", "src", "{02EA681E-C7D8-13C7-8484-4AC65E1B71E8}"
EndProject
Project("{2150E333-8FDC-42A3-9474-1A3956D46DE8}") = "Pagarte", "Pagarte", "{BD33D764-2B44-4B2C-918B-AE65A2C66D6F}"
EndProject
Project("{FAE04EC0-301F-11D3-BF4B-00C04F79EFBC}") = "Clients.API", "src\Clients\Clients.API.csproj", "{0DA052E5-F606-D1DB-0A21-ADBD43A61F52}"
EndProject
Project("{2150E333-8FDC-42A3-9474-1A3956D46DE8}") = "Solution Items", "Solution Items", "{B1E272B8-C24D-4F65-8901-C2FD9D3EBCCF}"
	ProjectSection(SolutionItems) = preProject
		.editorconfig = .editorconfig
	EndProjectSection
EndProject
Project("{FAE04EC0-301F-11D3-BF4B-00C04F79EFBC}") = "Responses", "src\Responses\Responses.csproj", "{4B1BB040-845C-4421-9A8E-7EB53C8AED91}"
EndProject
Project("{FAE04EC0-301F-11D3-BF4B-00C04F79EFBC}") = "Pagarte.API", "src\Pagarte\Pagarte.API\Pagarte.API.csproj", "{ADCA2165-CC0D-3092-DCA1-74F3BB0C8E5F}"
EndProject
Project("{FAE04EC0-301F-11D3-BF4B-00C04F79EFBC}") = "Pagarte.Services", "src\Pagarte\Pagarte.Services\Pagarte.Services.csproj", "{FE47676A-8801-485B-A3C6-5626F300AB4C}"
EndProject
Project("{FAE04EC0-301F-11D3-BF4B-00C04F79EFBC}") = "Pagarte.Engine", "src\Pagarte\Pagarte.Engine\Pagarte.Engine.csproj", "{FC86C67D-99F7-F750-1AFE-4E3C3AB12506}"
EndProject
Project("{FAE04EC0-301F-11D3-BF4B-00C04F79EFBC}") = "Pagarte.Connections", "src\Pagarte\Pagarte.Connections\Pagarte.Connections.csproj", "{1EC4A6B8-9F53-43A0-CDD3-FFA7E6F7CD51}"
EndProject
Project("{FAE04EC0-301F-11D3-BF4B-00C04F79EFBC}") = "Pagarte.Contracts", "src\Pagarte\Pagarte.Contracts\Pagarte.Contracts.csproj", "{3C65D6DF-B967-0770-5CFD-EE5C02D17071}"
EndProject
Project("{FAE04EC0-301F-11D3-BF4B-00C04F79EFBC}") = "RabbitMQ", "src\RabbitMQ\RabbitMQ.csproj", "{A2C5A19C-B8AF-ED2C-7F5E-4888DBE733B8}"
EndProject
Project("{FAE04EC0-301F-11D3-BF4B-00C04F79EFBC}") = "Pagarte.Messaging", "src\Pagarte\Pagarte.Messaging\Pagarte.Messaging.csproj", "{9F177249-3FAF-4D3F-A14E-4EB3A4BE98B0}"
EndProject
Project("{2150E333-8FDC-42A3-9474-1A3956D46DE8}") = "AppHost", "AppHost", "{0485AC13-9A14-4FFE-8407-AC07A47B16D5}"
EndProject
Project("{2150E333-8FDC-42A3-9474-1A3956D46DE8}") = "ClientIdentityService", "ClientIdentityService", "{F55380C1-69CC-DA2C-80F7-4ED117CBA96F}"
EndProject
Project("{FAE04EC0-301F-11D3-BF4B-00C04F79EFBC}") = "ClientIdentity.Api", "src\ClientIdentityService\ClientIdentity.Api\ClientIdentity.Api.csproj", "{FCFD8408-0E0C-4B5E-AE0D-FAA83455CAD5}"
EndProject
Project("{FAE04EC0-301F-11D3-BF4B-00C04F79EFBC}") = "ClientIdentity.Application", "src\ClientIdentityService\ClientIdentity.Application\ClientIdentity.Application.csproj", "{6EFED706-10F0-47BC-84E2-9E777FB833B2}"
EndProject
Project("{FAE04EC0-301F-11D3-BF4B-00C04F79EFBC}") = "ClientIdentity.Domain", "src\ClientIdentityService\ClientIdentity.Domain\ClientIdentity.Domain.csproj", "{6A58B0E3-4D11-4F42-9F8A-FE67FC7B31F4}"
EndProject
Project("{FAE04EC0-301F-11D3-BF4B-00C04F79EFBC}") = "ClientIdentity.Infrastructure", "src\ClientIdentityService\ClientIdentity.Infrastructure\ClientIdentity.Infrastructure.csproj", "{BA695AF0-EEE4-4FB7-BE99-CC1E16E6462D}"
EndProject
Project("{FAE04EC0-301F-11D3-BF4B-00C04F79EFBC}") = "ClientIdentity.Persistence", "src\ClientIdentityService\ClientIdentity.Persistence\ClientIdentity.Persistence.csproj", "{5BDB1EA6-3988-4E36-AA33-6FA41A24ECC1}"
EndProject
Global
	GlobalSection(SolutionConfigurationPlatforms) = preSolution
		Debug|Any CPU = Debug|Any CPU
		Debug|x64 = Debug|x64
		Debug|x86 = Debug|x86
		Release|Any CPU = Release|Any CPU
		Release|x64 = Release|x64
		Release|x86 = Release|x86
	EndGlobalSection
	GlobalSection(ProjectConfigurationPlatforms) = postSolution
		{7151B90D-AF41-4AD2-8290-BA2817FD93B2}.Debug|Any CPU.ActiveCfg = Debug|Any CPU
		{7151B90D-AF41-4AD2-8290-BA2817FD93B2}.Debug|Any CPU.Build.0 = Debug|Any CPU
		{7151B90D-AF41-4AD2-8290-BA2817FD93B2}.Debug|x64.ActiveCfg = Debug|Any CPU
		{7151B90D-AF41-4AD2-8290-BA2817FD93B2}.Debug|x64.Build.0 = Debug|Any CPU
		{7151B90D-AF41-4AD2-8290-BA2817FD93B2}.Debug|x86.ActiveCfg = Debug|Any CPU
		{7151B90D-AF41-4AD2-8290-BA2817FD93B2}.Debug|x86.Build.0 = Debug|Any CPU
		{7151B90D-AF41-4AD2-8290-BA2817FD93B2}.Release|Any CPU.ActiveCfg = Release|Any CPU
		{7151B90D-AF41-4AD2-8290-BA2817FD93B2}.Release|Any CPU.Build.0 = Release|Any CPU
		{7151B90D-AF41-4AD2-8290-BA2817FD93B2}.Release|x64.ActiveCfg = Release|Any CPU
		{7151B90D-AF41-4AD2-8290-BA2817FD93B2}.Release|x64.Build.0 = Release|Any CPU
		{7151B90D-AF41-4AD2-8290-BA2817FD93B2}.Release|x86.ActiveCfg = Release|Any CPU
		{7151B90D-AF41-4AD2-8290-BA2817FD93B2}.Release|x86.Build.0 = Release|Any CPU
		{A258E00E-C1C5-9CF8-0E66-EE4BACD1A6D6}.Debug|Any CPU.ActiveCfg = Debug|Any CPU
		{A258E00E-C1C5-9CF8-0E66-EE4BACD1A6D6}.Debug|Any CPU.Build.0 = Debug|Any CPU
		{A258E00E-C1C5-9CF8-0E66-EE4BACD1A6D6}.Debug|x64.ActiveCfg = Debug|Any CPU
		{A258E00E-C1C5-9CF8-0E66-EE4BACD1A6D6}.Debug|x64.Build.0 = Debug|Any CPU
		{A258E00E-C1C5-9CF8-0E66-EE4BACD1A6D6}.Debug|x86.ActiveCfg = Debug|Any CPU
		{A258E00E-C1C5-9CF8-0E66-EE4BACD1A6D6}.Debug|x86.Build.0 = Debug|Any CPU
		{A258E00E-C1C5-9CF8-0E66-EE4BACD1A6D6}.Release|Any CPU.ActiveCfg = Release|Any CPU
		{A258E00E-C1C5-9CF8-0E66-EE4BACD1A6D6}.Release|Any CPU.Build.0 = Release|Any CPU
		{A258E00E-C1C5-9CF8-0E66-EE4BACD1A6D6}.Release|x64.ActiveCfg = Release|Any CPU
		{A258E00E-C1C5-9CF8-0E66-EE4BACD1A6D6}.Release|x64.Build.0 = Release|Any CPU
		{A258E00E-C1C5-9CF8-0E66-EE4BACD1A6D6}.Release|x86.ActiveCfg = Release|Any CPU
		{A258E00E-C1C5-9CF8-0E66-EE4BACD1A6D6}.Release|x86.Build.0 = Release|Any CPU
		{0DA052E5-F606-D1DB-0A21-ADBD43A61F52}.Debug|Any CPU.ActiveCfg = Debug|Any CPU
		{0DA052E5-F606-D1DB-0A21-ADBD43A61F52}.Debug|Any CPU.Build.0 = Debug|Any CPU
		{0DA052E5-F606-D1DB-0A21-ADBD43A61F52}.Debug|x64.ActiveCfg = Debug|Any CPU
		{0DA052E5-F606-D1DB-0A21-ADBD43A61F52}.Debug|x64.Build.0 = Debug|Any CPU
		{0DA052E5-F606-D1DB-0A21-ADBD43A61F52}.Debug|x86.ActiveCfg = Debug|Any CPU
		{0DA052E5-F606-D1DB-0A21-ADBD43A61F52}.Debug|x86.Build.0 = Debug|Any CPU
		{0DA052E5-F606-D1DB-0A21-ADBD43A61F52}.Release|Any CPU.ActiveCfg = Release|Any CPU
		{0DA052E5-F606-D1DB-0A21-ADBD43A61F52}.Release|Any CPU.Build.0 = Release|Any CPU
		{0DA052E5-F606-D1DB-0A21-ADBD43A61F52}.Release|x64.ActiveCfg = Release|Any CPU
		{0DA052E5-F606-D1DB-0A21-ADBD43A61F52}.Release|x64.Build.0 = Release|Any CPU
		{0DA052E5-F606-D1DB-0A21-ADBD43A61F52}.Release|x86.ActiveCfg = Release|Any CPU
		{0DA052E5-F606-D1DB-0A21-ADBD43A61F52}.Release|x86.Build.0 = Release|Any CPU
		{4B1BB040-845C-4421-9A8E-7EB53C8AED91}.Debug|Any CPU.ActiveCfg = Debug|Any CPU
		{4B1BB040-845C-4421-9A8E-7EB53C8AED91}.Debug|Any CPU.Build.0 = Debug|Any CPU
		{4B1BB040-845C-4421-9A8E-7EB53C8AED91}.Debug|x64.ActiveCfg = Debug|Any CPU
		{4B1BB040-845C-4421-9A8E-7EB53C8AED91}.Debug|x64.Build.0 = Debug|Any CPU
		{4B1BB040-845C-4421-9A8E-7EB53C8AED91}.Debug|x86.ActiveCfg = Debug|Any CPU
		{4B1BB040-845C-4421-9A8E-7EB53C8AED91}.Debug|x86.Build.0 = Debug|Any CPU
		{4B1BB040-845C-4421-9A8E-7EB53C8AED91}.Release|Any CPU.ActiveCfg = Release|Any CPU
		{4B1BB040-845C-4421-9A8E-7EB53C8AED91}.Release|Any CPU.Build.0 = Release|Any CPU
		{4B1BB040-845C-4421-9A8E-7EB53C8AED91}.Release|x64.ActiveCfg = Release|Any CPU
		{4B1BB040-845C-4421-9A8E-7EB53C8AED91}.Release|x64.Build.0 = Release|Any CPU
		{4B1BB040-845C-4421-9A8E-7EB53C8AED91}.Release|x86.ActiveCfg = Release|Any CPU
		{4B1BB040-845C-4421-9A8E-7EB53C8AED91}.Release|x86.Build.0 = Release|Any CPU
		{ADCA2165-CC0D-3092-DCA1-74F3BB0C8E5F}.Debug|Any CPU.ActiveCfg = Debug|Any CPU
		{ADCA2165-CC0D-3092-DCA1-74F3BB0C8E5F}.Debug|Any CPU.Build.0 = Debug|Any CPU
		{ADCA2165-CC0D-3092-DCA1-74F3BB0C8E5F}.Debug|x64.ActiveCfg = Debug|Any CPU
		{ADCA2165-CC0D-3092-DCA1-74F3BB0C8E5F}.Debug|x64.Build.0 = Debug|Any CPU
		{ADCA2165-CC0D-3092-DCA1-74F3BB0C8E5F}.Debug|x86.ActiveCfg = Debug|Any CPU
		{ADCA2165-CC0D-3092-DCA1-74F3BB0C8E5F}.Debug|x86.Build.0 = Debug|Any CPU
		{ADCA2165-CC0D-3092-DCA1-74F3BB0C8E5F}.Release|Any CPU.ActiveCfg = Release|Any CPU
		{ADCA2165-CC0D-3092-DCA1-74F3BB0C8E5F}.Release|Any CPU.Build.0 = Release|Any CPU
		{ADCA2165-CC0D-3092-DCA1-74F3BB0C8E5F}.Release|x64.ActiveCfg = Release|Any CPU
		{ADCA2165-CC0D-3092-DCA1-74F3BB0C8E5F}.Release|x64.Build.0 = Release|Any CPU
		{ADCA2165-CC0D-3092-DCA1-74F3BB0C8E5F}.Release|x86.ActiveCfg = Release|Any CPU
		{ADCA2165-CC0D-3092-DCA1-74F3BB0C8E5F}.Release|x86.Build.0 = Release|Any CPU
		{FE47676A-8801-485B-A3C6-5626F300AB4C}.Debug|Any CPU.ActiveCfg = Debug|Any CPU
		{FE47676A-8801-485B-A3C6-5626F300AB4C}.Debug|Any CPU.Build.0 = Debug|Any CPU
		{FE47676A-8801-485B-A3C6-5626F300AB4C}.Debug|x64.ActiveCfg = Debug|Any CPU
		{FE47676A-8801-485B-A3C6-5626F300AB4C}.Debug|x64.Build.0 = Debug|Any CPU
		{FE47676A-8801-485B-A3C6-5626F300AB4C}.Debug|x86.ActiveCfg = Debug|Any CPU
		{FE47676A-8801-485B-A3C6-5626F300AB4C}.Debug|x86.Build.0 = Debug|Any CPU
		{FE47676A-8801-485B-A3C6-5626F300AB4C}.Release|Any CPU.ActiveCfg = Release|Any CPU
		{FE47676A-8801-485B-A3C6-5626F300AB4C}.Release|Any CPU.Build.0 = Release|Any CPU
		{FE47676A-8801-485B-A3C6-5626F300AB4C}.Release|x64.ActiveCfg = Release|Any CPU
		{FE47676A-8801-485B-A3C6-5626F300AB4C}.Release|x64.Build.0 = Release|Any CPU
		{FE47676A-8801-485B-A3C6-5626F300AB4C}.Release|x86.ActiveCfg = Release|Any CPU
		{FE47676A-8801-485B-A3C6-5626F300AB4C}.Release|x86.Build.0 = Release|Any CPU
		{FC86C67D-99F7-F750-1AFE-4E3C3AB12506}.Debug|Any CPU.ActiveCfg = Debug|Any CPU
		{FC86C67D-99F7-F750-1AFE-4E3C3AB12506}.Debug|Any CPU.Build.0 = Debug|Any CPU
		{FC86C67D-99F7-F750-1AFE-4E3C3AB12506}.Debug|x64.ActiveCfg = Debug|Any CPU
		{FC86C67D-99F7-F750-1AFE-4E3C3AB12506}.Debug|x64.Build.0 = Debug|Any CPU
		{FC86C67D-99F7-F750-1AFE-4E3C3AB12506}.Debug|x86.ActiveCfg = Debug|Any CPU
		{FC86C67D-99F7-F750-1AFE-4E3C3AB12506}.Debug|x86.Build.0 = Debug|Any CPU
		{FC86C67D-99F7-F750-1AFE-4E3C3AB12506}.Release|Any CPU.ActiveCfg = Release|Any CPU
		{FC86C67D-99F7-F750-1AFE-4E3C3AB12506}.Release|Any CPU.Build.0 = Release|Any CPU
		{FC86C67D-99F7-F750-1AFE-4E3C3AB12506}.Release|x64.ActiveCfg = Release|Any CPU
		{FC86C67D-99F7-F750-1AFE-4E3C3AB12506}.Release|x64.Build.0 = Release|Any CPU
		{FC86C67D-99F7-F750-1AFE-4E3C3AB12506}.Release|x86.ActiveCfg = Release|Any CPU
		{FC86C67D-99F7-F750-1AFE-4E3C3AB12506}.Release|x86.Build.0 = Release|Any CPU
		{1EC4A6B8-9F53-43A0-CDD3-FFA7E6F7CD51}.Debug|Any CPU.ActiveCfg = Debug|Any CPU
		{1EC4A6B8-9F53-43A0-CDD3-FFA7E6F7CD51}.Debug|Any CPU.Build.0 = Debug|Any CPU
		{1EC4A6B8-9F53-43A0-CDD3-FFA7E6F7CD51}.Debug|x64.ActiveCfg = Debug|Any CPU
		{1EC4A6B8-9F53-43A0-CDD3-FFA7E6F7CD51}.Debug|x64.Build.0 = Debug|Any CPU
		{1EC4A6B8-9F53-43A0-CDD3-FFA7E6F7CD51}.Debug|x86.ActiveCfg = Debug|Any CPU
		{1EC4A6B8-9F53-43A0-CDD3-FFA7E6F7CD51}.Debug|x86.Build.0 = Debug|Any CPU
		{1EC4A6B8-9F53-43A0-CDD3-FFA7E6F7CD51}.Release|Any CPU.ActiveCfg = Release|Any CPU
		{1EC4A6B8-9F53-43A0-CDD3-FFA7E6F7CD51}.Release|Any CPU.Build.0 = Release|Any CPU
		{1EC4A6B8-9F53-43A0-CDD3-FFA7E6F7CD51}.Release|x64.ActiveCfg = Release|Any CPU
		{1EC4A6B8-9F53-43A0-CDD3-FFA7E6F7CD51}.Release|x64.Build.0 = Release|Any CPU
		{1EC4A6B8-9F53-43A0-CDD3-FFA7E6F7CD51}.Release|x86.ActiveCfg = Release|Any CPU
		{1EC4A6B8-9F53-43A0-CDD3-FFA7E6F7CD51}.Release|x86.Build.0 = Release|Any CPU
		{3C65D6DF-B967-0770-5CFD-EE5C02D17071}.Debug|Any CPU.ActiveCfg = Debug|Any CPU
		{3C65D6DF-B967-0770-5CFD-EE5C02D17071}.Debug|Any CPU.Build.0 = Debug|Any CPU
		{3C65D6DF-B967-0770-5CFD-EE5C02D17071}.Debug|x64.ActiveCfg = Debug|Any CPU
		{3C65D6DF-B967-0770-5CFD-EE5C02D17071}.Debug|x64.Build.0 = Debug|Any CPU
		{3C65D6DF-B967-0770-5CFD-EE5C02D17071}.Debug|x86.ActiveCfg = Debug|Any CPU
		{3C65D6DF-B967-0770-5CFD-EE5C02D17071}.Debug|x86.Build.0 = Debug|Any CPU
		{3C65D6DF-B967-0770-5CFD-EE5C02D17071}.Release|Any CPU.ActiveCfg = Release|Any CPU
		{3C65D6DF-B967-0770-5CFD-EE5C02D17071}.Release|Any CPU.Build.0 = Release|Any CPU
		{3C65D6DF-B967-0770-5CFD-EE5C02D17071}.Release|x64.ActiveCfg = Release|Any CPU
		{3C65D6DF-B967-0770-5CFD-EE5C02D17071}.Release|x64.Build.0 = Release|Any CPU
		{3C65D6DF-B967-0770-5CFD-EE5C02D17071}.Release|x86.ActiveCfg = Release|Any CPU
		{3C65D6DF-B967-0770-5CFD-EE5C02D17071}.Release|x86.Build.0 = Release|Any CPU
		{A2C5A19C-B8AF-ED2C-7F5E-4888DBE733B8}.Debug|Any CPU.ActiveCfg = Debug|Any CPU
		{A2C5A19C-B8AF-ED2C-7F5E-4888DBE733B8}.Debug|Any CPU.Build.0 = Debug|Any CPU
		{A2C5A19C-B8AF-ED2C-7F5E-4888DBE733B8}.Debug|x64.ActiveCfg = Debug|Any CPU
		{A2C5A19C-B8AF-ED2C-7F5E-4888DBE733B8}.Debug|x64.Build.0 = Debug|Any CPU
		{A2C5A19C-B8AF-ED2C-7F5E-4888DBE733B8}.Debug|x86.ActiveCfg = Debug|Any CPU
		{A2C5A19C-B8AF-ED2C-7F5E-4888DBE733B8}.Debug|x86.Build.0 = Debug|Any CPU
		{A2C5A19C-B8AF-ED2C-7F5E-4888DBE733B8}.Release|Any CPU.ActiveCfg = Release|Any CPU
		{A2C5A19C-B8AF-ED2C-7F5E-4888DBE733B8}.Release|Any CPU.Build.0 = Release|Any CPU
		{A2C5A19C-B8AF-ED2C-7F5E-4888DBE733B8}.Release|x64.ActiveCfg = Release|Any CPU
		{A2C5A19C-B8AF-ED2C-7F5E-4888DBE733B8}.Release|x64.Build.0 = Release|Any CPU
		{A2C5A19C-B8AF-ED2C-7F5E-4888DBE733B8}.Release|x86.ActiveCfg = Release|Any CPU
		{A2C5A19C-B8AF-ED2C-7F5E-4888DBE733B8}.Release|x86.Build.0 = Release|Any CPU
		{9F177249-3FAF-4D3F-A14E-4EB3A4BE98B0}.Debug|Any CPU.ActiveCfg = Debug|Any CPU
		{9F177249-3FAF-4D3F-A14E-4EB3A4BE98B0}.Debug|Any CPU.Build.0 = Debug|Any CPU
		{9F177249-3FAF-4D3F-A14E-4EB3A4BE98B0}.Debug|x64.ActiveCfg = Debug|Any CPU
		{9F177249-3FAF-4D3F-A14E-4EB3A4BE98B0}.Debug|x64.Build.0 = Debug|Any CPU
		{9F177249-3FAF-4D3F-A14E-4EB3A4BE98B0}.Debug|x86.ActiveCfg = Debug|Any CPU
		{9F177249-3FAF-4D3F-A14E-4EB3A4BE98B0}.Debug|x86.Build.0 = Debug|Any CPU
		{9F177249-3FAF-4D3F-A14E-4EB3A4BE98B0}.Release|Any CPU.ActiveCfg = Release|Any CPU
		{9F177249-3FAF-4D3F-A14E-4EB3A4BE98B0}.Release|Any CPU.Build.0 = Release|Any CPU
		{9F177249-3FAF-4D3F-A14E-4EB3A4BE98B0}.Release|x64.ActiveCfg = Release|Any CPU
		{9F177249-3FAF-4D3F-A14E-4EB3A4BE98B0}.Release|x64.Build.0 = Release|Any CPU
		{9F177249-3FAF-4D3F-A14E-4EB3A4BE98B0}.Release|x86.ActiveCfg = Release|Any CPU
		{9F177249-3FAF-4D3F-A14E-4EB3A4BE98B0}.Release|x86.Build.0 = Release|Any CPU
		{FCFD8408-0E0C-4B5E-AE0D-FAA83455CAD5}.Debug|Any CPU.ActiveCfg = Debug|Any CPU
		{FCFD8408-0E0C-4B5E-AE0D-FAA83455CAD5}.Debug|Any CPU.Build.0 = Debug|Any CPU
		{FCFD8408-0E0C-4B5E-AE0D-FAA83455CAD5}.Debug|x64.ActiveCfg = Debug|Any CPU
		{FCFD8408-0E0C-4B5E-AE0D-FAA83455CAD5}.Debug|x64.Build.0 = Debug|Any CPU
		{FCFD8408-0E0C-4B5E-AE0D-FAA83455CAD5}.Debug|x86.ActiveCfg = Debug|Any CPU
		{FCFD8408-0E0C-4B5E-AE0D-FAA83455CAD5}.Debug|x86.Build.0 = Debug|Any CPU
		{FCFD8408-0E0C-4B5E-AE0D-FAA83455CAD5}.Release|Any CPU.ActiveCfg = Release|Any CPU
		{FCFD8408-0E0C-4B5E-AE0D-FAA83455CAD5}.Release|Any CPU.Build.0 = Release|Any CPU
		{FCFD8408-0E0C-4B5E-AE0D-FAA83455CAD5}.Release|x64.ActiveCfg = Release|Any CPU
		{FCFD8408-0E0C-4B5E-AE0D-FAA83455CAD5}.Release|x64.Build.0 = Release|Any CPU
		{FCFD8408-0E0C-4B5E-AE0D-FAA83455CAD5}.Release|x86.ActiveCfg = Release|Any CPU
		{FCFD8408-0E0C-4B5E-AE0D-FAA83455CAD5}.Release|x86.Build.0 = Release|Any CPU
		{6EFED706-10F0-47BC-84E2-9E777FB833B2}.Debug|Any CPU.ActiveCfg = Debug|Any CPU
		{6EFED706-10F0-47BC-84E2-9E777FB833B2}.Debug|Any CPU.Build.0 = Debug|Any CPU
		{6EFED706-10F0-47BC-84E2-9E777FB833B2}.Debug|x64.ActiveCfg = Debug|Any CPU
		{6EFED706-10F0-47BC-84E2-9E777FB833B2}.Debug|x64.Build.0 = Debug|Any CPU
		{6EFED706-10F0-47BC-84E2-9E777FB833B2}.Debug|x86.ActiveCfg = Debug|Any CPU
		{6EFED706-10F0-47BC-84E2-9E777FB833B2}.Debug|x86.Build.0 = Debug|Any CPU
		{6EFED706-10F0-47BC-84E2-9E777FB833B2}.Release|Any CPU.ActiveCfg = Release|Any CPU
		{6EFED706-10F0-47BC-84E2-9E777FB833B2}.Release|Any CPU.Build.0 = Release|Any CPU
		{6EFED706-10F0-47BC-84E2-9E777FB833B2}.Release|x64.ActiveCfg = Release|Any CPU
		{6EFED706-10F0-47BC-84E2-9E777FB833B2}.Release|x64.Build.0 = Release|Any CPU
		{6EFED706-10F0-47BC-84E2-9E777FB833B2}.Release|x86.ActiveCfg = Release|Any CPU
		{6EFED706-10F0-47BC-84E2-9E777FB833B2}.Release|x86.Build.0 = Release|Any CPU
		{6A58B0E3-4D11-4F42-9F8A-FE67FC7B31F4}.Debug|Any CPU.ActiveCfg = Debug|Any CPU
		{6A58B0E3-4D11-4F42-9F8A-FE67FC7B31F4}.Debug|Any CPU.Build.0 = Debug|Any CPU
		{6A58B0E3-4D11-4F42-9F8A-FE67FC7B31F4}.Debug|x64.ActiveCfg = Debug|Any CPU
		{6A58B0E3-4D11-4F42-9F8A-FE67FC7B31F4}.Debug|x64.Build.0 = Debug|Any CPU
		{6A58B0E3-4D11-4F42-9F8A-FE67FC7B31F4}.Debug|x86.ActiveCfg = Debug|Any CPU
		{6A58B0E3-4D11-4F42-9F8A-FE67FC7B31F4}.Debug|x86.Build.0 = Debug|Any CPU
		{6A58B0E3-4D11-4F42-9F8A-FE67FC7B31F4}.Release|Any CPU.ActiveCfg = Release|Any CPU
		{6A58B0E3-4D11-4F42-9F8A-FE67FC7B31F4}.Release|Any CPU.Build.0 = Release|Any CPU
		{6A58B0E3-4D11-4F42-9F8A-FE67FC7B31F4}.Release|x64.ActiveCfg = Release|Any CPU
		{6A58B0E3-4D11-4F42-9F8A-FE67FC7B31F4}.Release|x64.Build.0 = Release|Any CPU
		{6A58B0E3-4D11-4F42-9F8A-FE67FC7B31F4}.Release|x86.ActiveCfg = Release|Any CPU
		{6A58B0E3-4D11-4F42-9F8A-FE67FC7B31F4}.Release|x86.Build.0 = Release|Any CPU
		{BA695AF0-EEE4-4FB7-BE99-CC1E16E6462D}.Debug|Any CPU.ActiveCfg = Debug|Any CPU
		{BA695AF0-EEE4-4FB7-BE99-CC1E16E6462D}.Debug|Any CPU.Build.0 = Debug|Any CPU
		{BA695AF0-EEE4-4FB7-BE99-CC1E16E6462D}.Debug|x64.ActiveCfg = Debug|Any CPU
		{BA695AF0-EEE4-4FB7-BE99-CC1E16E6462D}.Debug|x64.Build.0 = Debug|Any CPU
		{BA695AF0-EEE4-4FB7-BE99-CC1E16E6462D}.Debug|x86.ActiveCfg = Debug|Any CPU
		{BA695AF0-EEE4-4FB7-BE99-CC1E16E6462D}.Debug|x86.Build.0 = Debug|Any CPU
		{BA695AF0-EEE4-4FB7-BE99-CC1E16E6462D}.Release|Any CPU.ActiveCfg = Release|Any CPU
		{BA695AF0-EEE4-4FB7-BE99-CC1E16E6462D}.Release|Any CPU.Build.0 = Release|Any CPU
		{BA695AF0-EEE4-4FB7-BE99-CC1E16E6462D}.Release|x64.ActiveCfg = Release|Any CPU
		{BA695AF0-EEE4-4FB7-BE99-CC1E16E6462D}.Release|x64.Build.0 = Release|Any CPU
		{BA695AF0-EEE4-4FB7-BE99-CC1E16E6462D}.Release|x86.ActiveCfg = Release|Any CPU
		{BA695AF0-EEE4-4FB7-BE99-CC1E16E6462D}.Release|x86.Build.0 = Release|Any CPU
		{5BDB1EA6-3988-4E36-AA33-6FA41A24ECC1}.Debug|Any CPU.ActiveCfg = Debug|Any CPU
		{5BDB1EA6-3988-4E36-AA33-6FA41A24ECC1}.Debug|Any CPU.Build.0 = Debug|Any CPU
		{5BDB1EA6-3988-4E36-AA33-6FA41A24ECC1}.Debug|x64.ActiveCfg = Debug|Any CPU
		{5BDB1EA6-3988-4E36-AA33-6FA41A24ECC1}.Debug|x64.Build.0 = Debug|Any CPU
		{5BDB1EA6-3988-4E36-AA33-6FA41A24ECC1}.Debug|x86.ActiveCfg = Debug|Any CPU
		{5BDB1EA6-3988-4E36-AA33-6FA41A24ECC1}.Debug|x86.Build.0 = Debug|Any CPU
		{5BDB1EA6-3988-4E36-AA33-6FA41A24ECC1}.Release|Any CPU.ActiveCfg = Release|Any CPU
		{5BDB1EA6-3988-4E36-AA33-6FA41A24ECC1}.Release|Any CPU.Build.0 = Release|Any CPU
		{5BDB1EA6-3988-4E36-AA33-6FA41A24ECC1}.Release|x64.ActiveCfg = Release|Any CPU
		{5BDB1EA6-3988-4E36-AA33-6FA41A24ECC1}.Release|x64.Build.0 = Release|Any CPU
		{5BDB1EA6-3988-4E36-AA33-6FA41A24ECC1}.Release|x86.ActiveCfg = Release|Any CPU
		{5BDB1EA6-3988-4E36-AA33-6FA41A24ECC1}.Release|x86.Build.0 = Release|Any CPU
	EndGlobalSection
	GlobalSection(SolutionProperties) = preSolution
		HideSolutionNode = FALSE
	EndGlobalSection
	GlobalSection(NestedProjects) = preSolution
		{7151B90D-AF41-4AD2-8290-BA2817FD93B2} = {0485AC13-9A14-4FFE-8407-AC07A47B16D5}
		{A258E00E-C1C5-9CF8-0E66-EE4BACD1A6D6} = {0485AC13-9A14-4FFE-8407-AC07A47B16D5}
		{0DA052E5-F606-D1DB-0A21-ADBD43A61F52} = {02EA681E-C7D8-13C7-8484-4AC65E1B71E8}
		{4B1BB040-845C-4421-9A8E-7EB53C8AED91} = {02EA681E-C7D8-13C7-8484-4AC65E1B71E8}
		{BD33D764-2B44-4B2C-918B-AE65A2C66D6F} = {02EA681E-C7D8-13C7-8484-4AC65E1B71E8}
		{ADCA2165-CC0D-3092-DCA1-74F3BB0C8E5F} = {BD33D764-2B44-4B2C-918B-AE65A2C66D6F}
		{FE47676A-8801-485B-A3C6-5626F300AB4C} = {BD33D764-2B44-4B2C-918B-AE65A2C66D6F}
		{FC86C67D-99F7-F750-1AFE-4E3C3AB12506} = {BD33D764-2B44-4B2C-918B-AE65A2C66D6F}
		{1EC4A6B8-9F53-43A0-CDD3-FFA7E6F7CD51} = {BD33D764-2B44-4B2C-918B-AE65A2C66D6F}
		{3C65D6DF-B967-0770-5CFD-EE5C02D17071} = {BD33D764-2B44-4B2C-918B-AE65A2C66D6F}
		{A2C5A19C-B8AF-ED2C-7F5E-4888DBE733B8} = {02EA681E-C7D8-13C7-8484-4AC65E1B71E8}
		{9F177249-3FAF-4D3F-A14E-4EB3A4BE98B0} = {02EA681E-C7D8-13C7-8484-4AC65E1B71E8}
		{F55380C1-69CC-DA2C-80F7-4ED117CBA96F} = {02EA681E-C7D8-13C7-8484-4AC65E1B71E8}
		{FCFD8408-0E0C-4B5E-AE0D-FAA83455CAD5} = {F55380C1-69CC-DA2C-80F7-4ED117CBA96F}
		{6EFED706-10F0-47BC-84E2-9E777FB833B2} = {F55380C1-69CC-DA2C-80F7-4ED117CBA96F}
		{6A58B0E3-4D11-4F42-9F8A-FE67FC7B31F4} = {F55380C1-69CC-DA2C-80F7-4ED117CBA96F}
		{BA695AF0-EEE4-4FB7-BE99-CC1E16E6462D} = {F55380C1-69CC-DA2C-80F7-4ED117CBA96F}
		{5BDB1EA6-3988-4E36-AA33-6FA41A24ECC1} = {F55380C1-69CC-DA2C-80F7-4ED117CBA96F}
	EndGlobalSection
	GlobalSection(ExtensibilityGlobals) = postSolution
		SolutionGuid = {B8D8CA59-9C8F-4576-AE09-F94525287200}
	EndGlobalSection
EndGlobal
