
Microsoft Visual Studio Solution File, Format Version 12.00
# Visual Studio Version 17
VisualStudioVersion = 17.0.31903.59
MinimumVisualStudioVersion = 10.0.40219.1
Project("{2150E333-8FDC-42A3-9474-1A3956D46DE8}") = "AppHost", "AppHost", "{90DCE71B-4939-B80A-CE8C-85DE2210C7AC}"
EndProject
Project("{FAE04EC0-301F-11D3-BF4B-00C04F79EFBC}") = "Applications.AppHost", "AppHost\Applications.AppHost\Applications.AppHost.csproj", "{72E579C1-0801-4BD1-AF1D-E34BE534BF40}"
EndProject
Project("{2150E333-8FDC-42A3-9474-1A3956D46DE8}") = "src", "src", "{827E0CD3-B72D-47B6-A68D-7590B98EB39B}"
EndProject
Project("{2150E333-8FDC-42A3-9474-1A3956D46DE8}") = "Payments", "Payments", "{FF0E3929-CBDF-D101-A636-4697F11DEC78}"
EndProject
Project("{FAE04EC0-301F-11D3-BF4B-00C04F79EFBC}") = "Payments.Api", "src\Payments\Payments.Api\Payments.Api.csproj", "{BEA52C41-63FB-4F34-8E0D-81D737321C06}"
EndProject
Project("{2150E333-8FDC-42A3-9474-1A3956D46DE8}") = "Utilities", "Utilities", "{AB08B9A8-5735-C00D-10FA-B1C840F3028B}"
EndProject
Project("{FAE04EC0-301F-11D3-BF4B-00C04F79EFBC}") = "Utilities.Responses", "src\Utilities\Utilities.Responses\Utilities.Responses.csproj", "{A562F2CE-9BFA-44FE-9FA7-2E141538BFE4}"
EndProject
Project("{2150E333-8FDC-42A3-9474-1A3956D46DE8}") = "PaymentSwitch", "PaymentSwitch", "{2316AC37-D13E-AA76-67FE-5FF3061C05E9}"
EndProject
Project("{FAE04EC0-301F-11D3-BF4B-00C04F79EFBC}") = "PaymentSwitch.Contracts", "src\PaymentSwitch\PaymentSwitch.Contracts\PaymentSwitch.Contracts.csproj", "{0EAFA58C-B8FF-4158-B505-C78825C25404}"
EndProject
Project("{FAE04EC0-301F-11D3-BF4B-00C04F79EFBC}") = "PaymentSwitch.Worker", "src\PaymentSwitch\PaymentSwitch.Worker\PaymentSwitch.Worker.csproj", "{27889DCD-4574-4563-8599-58A77E5E35BD}"
EndProject
Project("{2150E333-8FDC-42A3-9474-1A3956D46DE8}") = "Infrastructure", "Infrastructure", "{9048EB7F-3875-A59E-E36B-5BD4C6F2A282}"
EndProject
Project("{FAE04EC0-301F-11D3-BF4B-00C04F79EFBC}") = "Infrastructure.RabbitMQ", "src\Infrastructure\Infrastructure.RabbitMQ\Infrastructure.RabbitMQ.csproj", "{22F51159-3DF1-4D77-965A-5719942DEAD8}"
EndProject
Project("{2150E333-8FDC-42A3-9474-1A3956D46DE8}") = "ExternalConnections", "ExternalConnections", "{1036CFCB-6060-983C-5C00-E8084369FA10}"
EndProject
Project("{FAE04EC0-301F-11D3-BF4B-00C04F79EFBC}") = "ExternalConnections.PaymentOperators", "src\ExternalConnections\ExternalConnections.PaymentOperators\ExternalConnections.PaymentOperators.csproj", "{67D31B1C-4E58-4308-9825-401F90C4B759}"
EndProject
Project("{FAE04EC0-301F-11D3-BF4B-00C04F79EFBC}") = "ExternalConnections.CompanyPayments", "src\ExternalConnections\ExternalConnections.CompanyPayments\ExternalConnections.CompanyPayments.csproj", "{F4CDE0D6-A992-4855-9E43-6968EF74E357}"
EndProject
Project("{FAE04EC0-301F-11D3-BF4B-00C04F79EFBC}") = "PaymentSwitch.Messaging", "src\PaymentSwitch\PaymentSwitch.Messaging\PaymentSwitch.Messaging.csproj", "{2CD5D6FA-2800-409D-90E9-C8412D559B24}"
EndProject
Project("{FAE04EC0-301F-11D3-BF4B-00C04F79EFBC}") = "PaymentSwitch.Processor", "src\PaymentSwitch\PaymentSwitch.Processor\PaymentSwitch.Processor.csproj", "{6AB3ADBE-14A4-4B0D-9582-8D7128DA2D44}"
EndProject
Project("{2150E333-8FDC-42A3-9474-1A3956D46DE8}") = "ClientProfiles", "ClientProfiles", "{715AB55A-4088-3D51-3E9F-B2FAE574034A}"
EndProject
Project("{FAE04EC0-301F-11D3-BF4B-00C04F79EFBC}") = "ClientProfiles.Api", "src\ClientProfiles\ClientProfiles.Api\ClientProfiles.Api.csproj", "{347090C0-4941-48F5-A926-B2DB30055201}"
EndProject
Project("{FAE04EC0-301F-11D3-BF4B-00C04F79EFBC}") = "Applications.ServiceDefaults", "AppHost\Applications.ServiceDefaults\Applications.ServiceDefaults.csproj", "{2F0EC8B3-A899-4393-8D51-65B1C3716F48}"
EndProject
Project("{2150E333-8FDC-42A3-9474-1A3956D46DE8}") = "Identity", "Identity", "{65ABFB5D-2B10-DF64-BF12-C17976F8E5D9}"
EndProject
Project("{2150E333-8FDC-42A3-9474-1A3956D46DE8}") = "Identity.Client", "Identity.Client", "{EBD19DF6-4D0E-5B8B-6213-7E08AC08F505}"
EndProject
Project("{FAE04EC0-301F-11D3-BF4B-00C04F79EFBC}") = "Identity.Client.Api", "src\Identity\Identity.Client\Identity.Client.Api\Identity.Client.Api.csproj", "{48053FA9-9446-4659-8616-5A2B21C3F8BB}"
EndProject
Project("{FAE04EC0-301F-11D3-BF4B-00C04F79EFBC}") = "Identity.Client.Application", "src\Identity\Identity.Client\Identity.Client.Application\Identity.Client.Application.csproj", "{827DAEA2-ED6A-4738-97B9-3ABFF975B482}"
EndProject
Project("{FAE04EC0-301F-11D3-BF4B-00C04F79EFBC}") = "Identity.Client.Domain", "src\Identity\Identity.Client\Identity.Client.Domain\Identity.Client.Domain.csproj", "{D8095F51-B2D0-499B-8E1A-8FBF208B2E2D}"
EndProject
Project("{FAE04EC0-301F-11D3-BF4B-00C04F79EFBC}") = "Identity.Client.Infrastructure", "src\Identity\Identity.Client\Identity.Client.Infrastructure\Identity.Client.Infrastructure.csproj", "{C9EBB2D5-4AAC-4BBE-8B1B-44F7560DB7A8}"
EndProject
Project("{FAE04EC0-301F-11D3-BF4B-00C04F79EFBC}") = "Identity.Client.Persistence", "src\Identity\Identity.Client\Identity.Client.Persistence\Identity.Client.Persistence.csproj", "{C9A246E2-63DF-4B77-A8F8-39580A168064}"
EndProject
Project("{2150E333-8FDC-42A3-9474-1A3956D46DE8}") = "PayableServices", "PayableServices", "{7F0C07ED-FC4E-1A45-876D-1347F35CD80A}"
EndProject
Project("{FAE04EC0-301F-11D3-BF4B-00C04F79EFBC}") = "PayableServices.Api", "src\PayableServices\PayableServices.Api\PayableServices.Api.csproj", "{4CF3575B-0EEE-40B3-8FFE-D79AB265E066}"
EndProject
Project("{FAE04EC0-301F-11D3-BF4B-00C04F79EFBC}") = "PayableServices.Application", "src\PayableServices\PayableServices.Application\PayableServices.Application.csproj", "{B97CAF64-85DF-4A9F-98C0-912896CE9CAB}"
EndProject
Project("{FAE04EC0-301F-11D3-BF4B-00C04F79EFBC}") = "PayableServices.Domain", "src\PayableServices\PayableServices.Domain\PayableServices.Domain.csproj", "{560228C8-86EF-44A4-AA84-CA17ED5F7A9A}"
EndProject
Project("{FAE04EC0-301F-11D3-BF4B-00C04F79EFBC}") = "PayableServices.Infrastructure", "src\PayableServices\PayableServices.Infrastructure\PayableServices.Infrastructure.csproj", "{B7668EE1-37AC-4311-9BEE-D1401E89D842}"
EndProject
Project("{FAE04EC0-301F-11D3-BF4B-00C04F79EFBC}") = "PayableServices.Persistence", "src\PayableServices\PayableServices.Persistence\PayableServices.Persistence.csproj", "{A5D60621-11C1-48E0-90FA-B2325F9209F4}"
EndProject
Global
	GlobalSection(SolutionConfigurationPlatforms) = preSolution
		Debug|Any CPU = Debug|Any CPU
		Debug|x64 = Debug|x64
		Debug|x86 = Debug|x86
		Release|Any CPU = Release|Any CPU
		Release|x64 = Release|x64
		Release|x86 = Release|x86
	EndGlobalSection
	GlobalSection(ProjectConfigurationPlatforms) = postSolution
		{72E579C1-0801-4BD1-AF1D-E34BE534BF40}.Debug|Any CPU.ActiveCfg = Debug|Any CPU
		{72E579C1-0801-4BD1-AF1D-E34BE534BF40}.Debug|Any CPU.Build.0 = Debug|Any CPU
		{72E579C1-0801-4BD1-AF1D-E34BE534BF40}.Debug|x64.ActiveCfg = Debug|Any CPU
		{72E579C1-0801-4BD1-AF1D-E34BE534BF40}.Debug|x64.Build.0 = Debug|Any CPU
		{72E579C1-0801-4BD1-AF1D-E34BE534BF40}.Debug|x86.ActiveCfg = Debug|Any CPU
		{72E579C1-0801-4BD1-AF1D-E34BE534BF40}.Debug|x86.Build.0 = Debug|Any CPU
		{72E579C1-0801-4BD1-AF1D-E34BE534BF40}.Release|Any CPU.ActiveCfg = Release|Any CPU
		{72E579C1-0801-4BD1-AF1D-E34BE534BF40}.Release|Any CPU.Build.0 = Release|Any CPU
		{72E579C1-0801-4BD1-AF1D-E34BE534BF40}.Release|x64.ActiveCfg = Release|Any CPU
		{72E579C1-0801-4BD1-AF1D-E34BE534BF40}.Release|x64.Build.0 = Release|Any CPU
		{72E579C1-0801-4BD1-AF1D-E34BE534BF40}.Release|x86.ActiveCfg = Release|Any CPU
		{72E579C1-0801-4BD1-AF1D-E34BE534BF40}.Release|x86.Build.0 = Release|Any CPU
		{BEA52C41-63FB-4F34-8E0D-81D737321C06}.Debug|Any CPU.ActiveCfg = Debug|Any CPU
		{BEA52C41-63FB-4F34-8E0D-81D737321C06}.Debug|Any CPU.Build.0 = Debug|Any CPU
		{BEA52C41-63FB-4F34-8E0D-81D737321C06}.Debug|x64.ActiveCfg = Debug|Any CPU
		{BEA52C41-63FB-4F34-8E0D-81D737321C06}.Debug|x64.Build.0 = Debug|Any CPU
		{BEA52C41-63FB-4F34-8E0D-81D737321C06}.Debug|x86.ActiveCfg = Debug|Any CPU
		{BEA52C41-63FB-4F34-8E0D-81D737321C06}.Debug|x86.Build.0 = Debug|Any CPU
		{BEA52C41-63FB-4F34-8E0D-81D737321C06}.Release|Any CPU.ActiveCfg = Release|Any CPU
		{BEA52C41-63FB-4F34-8E0D-81D737321C06}.Release|Any CPU.Build.0 = Release|Any CPU
		{BEA52C41-63FB-4F34-8E0D-81D737321C06}.Release|x64.ActiveCfg = Release|Any CPU
		{BEA52C41-63FB-4F34-8E0D-81D737321C06}.Release|x64.Build.0 = Release|Any CPU
		{BEA52C41-63FB-4F34-8E0D-81D737321C06}.Release|x86.ActiveCfg = Release|Any CPU
		{BEA52C41-63FB-4F34-8E0D-81D737321C06}.Release|x86.Build.0 = Release|Any CPU
		{A562F2CE-9BFA-44FE-9FA7-2E141538BFE4}.Debug|Any CPU.ActiveCfg = Debug|Any CPU
		{A562F2CE-9BFA-44FE-9FA7-2E141538BFE4}.Debug|Any CPU.Build.0 = Debug|Any CPU
		{A562F2CE-9BFA-44FE-9FA7-2E141538BFE4}.Debug|x64.ActiveCfg = Debug|Any CPU
		{A562F2CE-9BFA-44FE-9FA7-2E141538BFE4}.Debug|x64.Build.0 = Debug|Any CPU
		{A562F2CE-9BFA-44FE-9FA7-2E141538BFE4}.Debug|x86.ActiveCfg = Debug|Any CPU
		{A562F2CE-9BFA-44FE-9FA7-2E141538BFE4}.Debug|x86.Build.0 = Debug|Any CPU
		{A562F2CE-9BFA-44FE-9FA7-2E141538BFE4}.Release|Any CPU.ActiveCfg = Release|Any CPU
		{A562F2CE-9BFA-44FE-9FA7-2E141538BFE4}.Release|Any CPU.Build.0 = Release|Any CPU
		{A562F2CE-9BFA-44FE-9FA7-2E141538BFE4}.Release|x64.ActiveCfg = Release|Any CPU
		{A562F2CE-9BFA-44FE-9FA7-2E141538BFE4}.Release|x64.Build.0 = Release|Any CPU
		{A562F2CE-9BFA-44FE-9FA7-2E141538BFE4}.Release|x86.ActiveCfg = Release|Any CPU
		{A562F2CE-9BFA-44FE-9FA7-2E141538BFE4}.Release|x86.Build.0 = Release|Any CPU
		{0EAFA58C-B8FF-4158-B505-C78825C25404}.Debug|Any CPU.ActiveCfg = Debug|Any CPU
		{0EAFA58C-B8FF-4158-B505-C78825C25404}.Debug|Any CPU.Build.0 = Debug|Any CPU
		{0EAFA58C-B8FF-4158-B505-C78825C25404}.Debug|x64.ActiveCfg = Debug|Any CPU
		{0EAFA58C-B8FF-4158-B505-C78825C25404}.Debug|x64.Build.0 = Debug|Any CPU
		{0EAFA58C-B8FF-4158-B505-C78825C25404}.Debug|x86.ActiveCfg = Debug|Any CPU
		{0EAFA58C-B8FF-4158-B505-C78825C25404}.Debug|x86.Build.0 = Debug|Any CPU
		{0EAFA58C-B8FF-4158-B505-C78825C25404}.Release|Any CPU.ActiveCfg = Release|Any CPU
		{0EAFA58C-B8FF-4158-B505-C78825C25404}.Release|Any CPU.Build.0 = Release|Any CPU
		{0EAFA58C-B8FF-4158-B505-C78825C25404}.Release|x64.ActiveCfg = Release|Any CPU
		{0EAFA58C-B8FF-4158-B505-C78825C25404}.Release|x64.Build.0 = Release|Any CPU
		{0EAFA58C-B8FF-4158-B505-C78825C25404}.Release|x86.ActiveCfg = Release|Any CPU
		{0EAFA58C-B8FF-4158-B505-C78825C25404}.Release|x86.Build.0 = Release|Any CPU
		{27889DCD-4574-4563-8599-58A77E5E35BD}.Debug|Any CPU.ActiveCfg = Debug|Any CPU
		{27889DCD-4574-4563-8599-58A77E5E35BD}.Debug|Any CPU.Build.0 = Debug|Any CPU
		{27889DCD-4574-4563-8599-58A77E5E35BD}.Debug|x64.ActiveCfg = Debug|Any CPU
		{27889DCD-4574-4563-8599-58A77E5E35BD}.Debug|x64.Build.0 = Debug|Any CPU
		{27889DCD-4574-4563-8599-58A77E5E35BD}.Debug|x86.ActiveCfg = Debug|Any CPU
		{27889DCD-4574-4563-8599-58A77E5E35BD}.Debug|x86.Build.0 = Debug|Any CPU
		{27889DCD-4574-4563-8599-58A77E5E35BD}.Release|Any CPU.ActiveCfg = Release|Any CPU
		{27889DCD-4574-4563-8599-58A77E5E35BD}.Release|Any CPU.Build.0 = Release|Any CPU
		{27889DCD-4574-4563-8599-58A77E5E35BD}.Release|x64.ActiveCfg = Release|Any CPU
		{27889DCD-4574-4563-8599-58A77E5E35BD}.Release|x64.Build.0 = Release|Any CPU
		{27889DCD-4574-4563-8599-58A77E5E35BD}.Release|x86.ActiveCfg = Release|Any CPU
		{27889DCD-4574-4563-8599-58A77E5E35BD}.Release|x86.Build.0 = Release|Any CPU
		{22F51159-3DF1-4D77-965A-5719942DEAD8}.Debug|Any CPU.ActiveCfg = Debug|Any CPU
		{22F51159-3DF1-4D77-965A-5719942DEAD8}.Debug|Any CPU.Build.0 = Debug|Any CPU
		{22F51159-3DF1-4D77-965A-5719942DEAD8}.Debug|x64.ActiveCfg = Debug|Any CPU
		{22F51159-3DF1-4D77-965A-5719942DEAD8}.Debug|x64.Build.0 = Debug|Any CPU
		{22F51159-3DF1-4D77-965A-5719942DEAD8}.Debug|x86.ActiveCfg = Debug|Any CPU
		{22F51159-3DF1-4D77-965A-5719942DEAD8}.Debug|x86.Build.0 = Debug|Any CPU
		{22F51159-3DF1-4D77-965A-5719942DEAD8}.Release|Any CPU.ActiveCfg = Release|Any CPU
		{22F51159-3DF1-4D77-965A-5719942DEAD8}.Release|Any CPU.Build.0 = Release|Any CPU
		{22F51159-3DF1-4D77-965A-5719942DEAD8}.Release|x64.ActiveCfg = Release|Any CPU
		{22F51159-3DF1-4D77-965A-5719942DEAD8}.Release|x64.Build.0 = Release|Any CPU
		{22F51159-3DF1-4D77-965A-5719942DEAD8}.Release|x86.ActiveCfg = Release|Any CPU
		{22F51159-3DF1-4D77-965A-5719942DEAD8}.Release|x86.Build.0 = Release|Any CPU
		{67D31B1C-4E58-4308-9825-401F90C4B759}.Debug|Any CPU.ActiveCfg = Debug|Any CPU
		{67D31B1C-4E58-4308-9825-401F90C4B759}.Debug|Any CPU.Build.0 = Debug|Any CPU
		{67D31B1C-4E58-4308-9825-401F90C4B759}.Debug|x64.ActiveCfg = Debug|Any CPU
		{67D31B1C-4E58-4308-9825-401F90C4B759}.Debug|x64.Build.0 = Debug|Any CPU
		{67D31B1C-4E58-4308-9825-401F90C4B759}.Debug|x86.ActiveCfg = Debug|Any CPU
		{67D31B1C-4E58-4308-9825-401F90C4B759}.Debug|x86.Build.0 = Debug|Any CPU
		{67D31B1C-4E58-4308-9825-401F90C4B759}.Release|Any CPU.ActiveCfg = Release|Any CPU
		{67D31B1C-4E58-4308-9825-401F90C4B759}.Release|Any CPU.Build.0 = Release|Any CPU
		{67D31B1C-4E58-4308-9825-401F90C4B759}.Release|x64.ActiveCfg = Release|Any CPU
		{67D31B1C-4E58-4308-9825-401F90C4B759}.Release|x64.Build.0 = Release|Any CPU
		{67D31B1C-4E58-4308-9825-401F90C4B759}.Release|x86.ActiveCfg = Release|Any CPU
		{67D31B1C-4E58-4308-9825-401F90C4B759}.Release|x86.Build.0 = Release|Any CPU
		{F4CDE0D6-A992-4855-9E43-6968EF74E357}.Debug|Any CPU.ActiveCfg = Debug|Any CPU
		{F4CDE0D6-A992-4855-9E43-6968EF74E357}.Debug|Any CPU.Build.0 = Debug|Any CPU
		{F4CDE0D6-A992-4855-9E43-6968EF74E357}.Debug|x64.ActiveCfg = Debug|Any CPU
		{F4CDE0D6-A992-4855-9E43-6968EF74E357}.Debug|x64.Build.0 = Debug|Any CPU
		{F4CDE0D6-A992-4855-9E43-6968EF74E357}.Debug|x86.ActiveCfg = Debug|Any CPU
		{F4CDE0D6-A992-4855-9E43-6968EF74E357}.Debug|x86.Build.0 = Debug|Any CPU
		{F4CDE0D6-A992-4855-9E43-6968EF74E357}.Release|Any CPU.ActiveCfg = Release|Any CPU
		{F4CDE0D6-A992-4855-9E43-6968EF74E357}.Release|Any CPU.Build.0 = Release|Any CPU
		{F4CDE0D6-A992-4855-9E43-6968EF74E357}.Release|x64.ActiveCfg = Release|Any CPU
		{F4CDE0D6-A992-4855-9E43-6968EF74E357}.Release|x64.Build.0 = Release|Any CPU
		{F4CDE0D6-A992-4855-9E43-6968EF74E357}.Release|x86.ActiveCfg = Release|Any CPU
		{F4CDE0D6-A992-4855-9E43-6968EF74E357}.Release|x86.Build.0 = Release|Any CPU
		{2CD5D6FA-2800-409D-90E9-C8412D559B24}.Debug|Any CPU.ActiveCfg = Debug|Any CPU
		{2CD5D6FA-2800-409D-90E9-C8412D559B24}.Debug|Any CPU.Build.0 = Debug|Any CPU
		{2CD5D6FA-2800-409D-90E9-C8412D559B24}.Debug|x64.ActiveCfg = Debug|Any CPU
		{2CD5D6FA-2800-409D-90E9-C8412D559B24}.Debug|x64.Build.0 = Debug|Any CPU
		{2CD5D6FA-2800-409D-90E9-C8412D559B24}.Debug|x86.ActiveCfg = Debug|Any CPU
		{2CD5D6FA-2800-409D-90E9-C8412D559B24}.Debug|x86.Build.0 = Debug|Any CPU
		{2CD5D6FA-2800-409D-90E9-C8412D559B24}.Release|Any CPU.ActiveCfg = Release|Any CPU
		{2CD5D6FA-2800-409D-90E9-C8412D559B24}.Release|Any CPU.Build.0 = Release|Any CPU
		{2CD5D6FA-2800-409D-90E9-C8412D559B24}.Release|x64.ActiveCfg = Release|Any CPU
		{2CD5D6FA-2800-409D-90E9-C8412D559B24}.Release|x64.Build.0 = Release|Any CPU
		{2CD5D6FA-2800-409D-90E9-C8412D559B24}.Release|x86.ActiveCfg = Release|Any CPU
		{2CD5D6FA-2800-409D-90E9-C8412D559B24}.Release|x86.Build.0 = Release|Any CPU
		{6AB3ADBE-14A4-4B0D-9582-8D7128DA2D44}.Debug|Any CPU.ActiveCfg = Debug|Any CPU
		{6AB3ADBE-14A4-4B0D-9582-8D7128DA2D44}.Debug|Any CPU.Build.0 = Debug|Any CPU
		{6AB3ADBE-14A4-4B0D-9582-8D7128DA2D44}.Debug|x64.ActiveCfg = Debug|Any CPU
		{6AB3ADBE-14A4-4B0D-9582-8D7128DA2D44}.Debug|x64.Build.0 = Debug|Any CPU
		{6AB3ADBE-14A4-4B0D-9582-8D7128DA2D44}.Debug|x86.ActiveCfg = Debug|Any CPU
		{6AB3ADBE-14A4-4B0D-9582-8D7128DA2D44}.Debug|x86.Build.0 = Debug|Any CPU
		{6AB3ADBE-14A4-4B0D-9582-8D7128DA2D44}.Release|Any CPU.ActiveCfg = Release|Any CPU
		{6AB3ADBE-14A4-4B0D-9582-8D7128DA2D44}.Release|Any CPU.Build.0 = Release|Any CPU
		{6AB3ADBE-14A4-4B0D-9582-8D7128DA2D44}.Release|x64.ActiveCfg = Release|Any CPU
		{6AB3ADBE-14A4-4B0D-9582-8D7128DA2D44}.Release|x64.Build.0 = Release|Any CPU
		{6AB3ADBE-14A4-4B0D-9582-8D7128DA2D44}.Release|x86.ActiveCfg = Release|Any CPU
		{6AB3ADBE-14A4-4B0D-9582-8D7128DA2D44}.Release|x86.Build.0 = Release|Any CPU
		{347090C0-4941-48F5-A926-B2DB30055201}.Debug|Any CPU.ActiveCfg = Debug|Any CPU
		{347090C0-4941-48F5-A926-B2DB30055201}.Debug|Any CPU.Build.0 = Debug|Any CPU
		{347090C0-4941-48F5-A926-B2DB30055201}.Debug|x64.ActiveCfg = Debug|Any CPU
		{347090C0-4941-48F5-A926-B2DB30055201}.Debug|x64.Build.0 = Debug|Any CPU
		{347090C0-4941-48F5-A926-B2DB30055201}.Debug|x86.ActiveCfg = Debug|Any CPU
		{347090C0-4941-48F5-A926-B2DB30055201}.Debug|x86.Build.0 = Debug|Any CPU
		{347090C0-4941-48F5-A926-B2DB30055201}.Release|Any CPU.ActiveCfg = Release|Any CPU
		{347090C0-4941-48F5-A926-B2DB30055201}.Release|Any CPU.Build.0 = Release|Any CPU
		{347090C0-4941-48F5-A926-B2DB30055201}.Release|x64.ActiveCfg = Release|Any CPU
		{347090C0-4941-48F5-A926-B2DB30055201}.Release|x64.Build.0 = Release|Any CPU
		{347090C0-4941-48F5-A926-B2DB30055201}.Release|x86.ActiveCfg = Release|Any CPU
		{347090C0-4941-48F5-A926-B2DB30055201}.Release|x86.Build.0 = Release|Any CPU
		{2F0EC8B3-A899-4393-8D51-65B1C3716F48}.Debug|Any CPU.ActiveCfg = Debug|Any CPU
		{2F0EC8B3-A899-4393-8D51-65B1C3716F48}.Debug|Any CPU.Build.0 = Debug|Any CPU
		{2F0EC8B3-A899-4393-8D51-65B1C3716F48}.Debug|x64.ActiveCfg = Debug|Any CPU
		{2F0EC8B3-A899-4393-8D51-65B1C3716F48}.Debug|x64.Build.0 = Debug|Any CPU
		{2F0EC8B3-A899-4393-8D51-65B1C3716F48}.Debug|x86.ActiveCfg = Debug|Any CPU
		{2F0EC8B3-A899-4393-8D51-65B1C3716F48}.Debug|x86.Build.0 = Debug|Any CPU
		{2F0EC8B3-A899-4393-8D51-65B1C3716F48}.Release|Any CPU.ActiveCfg = Release|Any CPU
		{2F0EC8B3-A899-4393-8D51-65B1C3716F48}.Release|Any CPU.Build.0 = Release|Any CPU
		{2F0EC8B3-A899-4393-8D51-65B1C3716F48}.Release|x64.ActiveCfg = Release|Any CPU
		{2F0EC8B3-A899-4393-8D51-65B1C3716F48}.Release|x64.Build.0 = Release|Any CPU
		{2F0EC8B3-A899-4393-8D51-65B1C3716F48}.Release|x86.ActiveCfg = Release|Any CPU
		{2F0EC8B3-A899-4393-8D51-65B1C3716F48}.Release|x86.Build.0 = Release|Any CPU
		{48053FA9-9446-4659-8616-5A2B21C3F8BB}.Debug|Any CPU.ActiveCfg = Debug|Any CPU
		{48053FA9-9446-4659-8616-5A2B21C3F8BB}.Debug|Any CPU.Build.0 = Debug|Any CPU
		{48053FA9-9446-4659-8616-5A2B21C3F8BB}.Debug|x64.ActiveCfg = Debug|Any CPU
		{48053FA9-9446-4659-8616-5A2B21C3F8BB}.Debug|x64.Build.0 = Debug|Any CPU
		{48053FA9-9446-4659-8616-5A2B21C3F8BB}.Debug|x86.ActiveCfg = Debug|Any CPU
		{48053FA9-9446-4659-8616-5A2B21C3F8BB}.Debug|x86.Build.0 = Debug|Any CPU
		{48053FA9-9446-4659-8616-5A2B21C3F8BB}.Release|Any CPU.ActiveCfg = Release|Any CPU
		{48053FA9-9446-4659-8616-5A2B21C3F8BB}.Release|Any CPU.Build.0 = Release|Any CPU
		{48053FA9-9446-4659-8616-5A2B21C3F8BB}.Release|x64.ActiveCfg = Release|Any CPU
		{48053FA9-9446-4659-8616-5A2B21C3F8BB}.Release|x64.Build.0 = Release|Any CPU
		{48053FA9-9446-4659-8616-5A2B21C3F8BB}.Release|x86.ActiveCfg = Release|Any CPU
		{48053FA9-9446-4659-8616-5A2B21C3F8BB}.Release|x86.Build.0 = Release|Any CPU
		{827DAEA2-ED6A-4738-97B9-3ABFF975B482}.Debug|Any CPU.ActiveCfg = Debug|Any CPU
		{827DAEA2-ED6A-4738-97B9-3ABFF975B482}.Debug|Any CPU.Build.0 = Debug|Any CPU
		{827DAEA2-ED6A-4738-97B9-3ABFF975B482}.Debug|x64.ActiveCfg = Debug|Any CPU
		{827DAEA2-ED6A-4738-97B9-3ABFF975B482}.Debug|x64.Build.0 = Debug|Any CPU
		{827DAEA2-ED6A-4738-97B9-3ABFF975B482}.Debug|x86.ActiveCfg = Debug|Any CPU
		{827DAEA2-ED6A-4738-97B9-3ABFF975B482}.Debug|x86.Build.0 = Debug|Any CPU
		{827DAEA2-ED6A-4738-97B9-3ABFF975B482}.Release|Any CPU.ActiveCfg = Release|Any CPU
		{827DAEA2-ED6A-4738-97B9-3ABFF975B482}.Release|Any CPU.Build.0 = Release|Any CPU
		{827DAEA2-ED6A-4738-97B9-3ABFF975B482}.Release|x64.ActiveCfg = Release|Any CPU
		{827DAEA2-ED6A-4738-97B9-3ABFF975B482}.Release|x64.Build.0 = Release|Any CPU
		{827DAEA2-ED6A-4738-97B9-3ABFF975B482}.Release|x86.ActiveCfg = Release|Any CPU
		{827DAEA2-ED6A-4738-97B9-3ABFF975B482}.Release|x86.Build.0 = Release|Any CPU
		{D8095F51-B2D0-499B-8E1A-8FBF208B2E2D}.Debug|Any CPU.ActiveCfg = Debug|Any CPU
		{D8095F51-B2D0-499B-8E1A-8FBF208B2E2D}.Debug|Any CPU.Build.0 = Debug|Any CPU
		{D8095F51-B2D0-499B-8E1A-8FBF208B2E2D}.Debug|x64.ActiveCfg = Debug|Any CPU
		{D8095F51-B2D0-499B-8E1A-8FBF208B2E2D}.Debug|x64.Build.0 = Debug|Any CPU
		{D8095F51-B2D0-499B-8E1A-8FBF208B2E2D}.Debug|x86.ActiveCfg = Debug|Any CPU
		{D8095F51-B2D0-499B-8E1A-8FBF208B2E2D}.Debug|x86.Build.0 = Debug|Any CPU
		{D8095F51-B2D0-499B-8E1A-8FBF208B2E2D}.Release|Any CPU.ActiveCfg = Release|Any CPU
		{D8095F51-B2D0-499B-8E1A-8FBF208B2E2D}.Release|Any CPU.Build.0 = Release|Any CPU
		{D8095F51-B2D0-499B-8E1A-8FBF208B2E2D}.Release|x64.ActiveCfg = Release|Any CPU
		{D8095F51-B2D0-499B-8E1A-8FBF208B2E2D}.Release|x64.Build.0 = Release|Any CPU
		{D8095F51-B2D0-499B-8E1A-8FBF208B2E2D}.Release|x86.ActiveCfg = Release|Any CPU
		{D8095F51-B2D0-499B-8E1A-8FBF208B2E2D}.Release|x86.Build.0 = Release|Any CPU
		{C9EBB2D5-4AAC-4BBE-8B1B-44F7560DB7A8}.Debug|Any CPU.ActiveCfg = Debug|Any CPU
		{C9EBB2D5-4AAC-4BBE-8B1B-44F7560DB7A8}.Debug|Any CPU.Build.0 = Debug|Any CPU
		{C9EBB2D5-4AAC-4BBE-8B1B-44F7560DB7A8}.Debug|x64.ActiveCfg = Debug|Any CPU
		{C9EBB2D5-4AAC-4BBE-8B1B-44F7560DB7A8}.Debug|x64.Build.0 = Debug|Any CPU
		{C9EBB2D5-4AAC-4BBE-8B1B-44F7560DB7A8}.Debug|x86.ActiveCfg = Debug|Any CPU
		{C9EBB2D5-4AAC-4BBE-8B1B-44F7560DB7A8}.Debug|x86.Build.0 = Debug|Any CPU
		{C9EBB2D5-4AAC-4BBE-8B1B-44F7560DB7A8}.Release|Any CPU.ActiveCfg = Release|Any CPU
		{C9EBB2D5-4AAC-4BBE-8B1B-44F7560DB7A8}.Release|Any CPU.Build.0 = Release|Any CPU
		{C9EBB2D5-4AAC-4BBE-8B1B-44F7560DB7A8}.Release|x64.ActiveCfg = Release|Any CPU
		{C9EBB2D5-4AAC-4BBE-8B1B-44F7560DB7A8}.Release|x64.Build.0 = Release|Any CPU
		{C9EBB2D5-4AAC-4BBE-8B1B-44F7560DB7A8}.Release|x86.ActiveCfg = Release|Any CPU
		{C9EBB2D5-4AAC-4BBE-8B1B-44F7560DB7A8}.Release|x86.Build.0 = Release|Any CPU
		{C9A246E2-63DF-4B77-A8F8-39580A168064}.Debug|Any CPU.ActiveCfg = Debug|Any CPU
		{C9A246E2-63DF-4B77-A8F8-39580A168064}.Debug|Any CPU.Build.0 = Debug|Any CPU
		{C9A246E2-63DF-4B77-A8F8-39580A168064}.Debug|x64.ActiveCfg = Debug|Any CPU
		{C9A246E2-63DF-4B77-A8F8-39580A168064}.Debug|x64.Build.0 = Debug|Any CPU
		{C9A246E2-63DF-4B77-A8F8-39580A168064}.Debug|x86.ActiveCfg = Debug|Any CPU
		{C9A246E2-63DF-4B77-A8F8-39580A168064}.Debug|x86.Build.0 = Debug|Any CPU
		{C9A246E2-63DF-4B77-A8F8-39580A168064}.Release|Any CPU.ActiveCfg = Release|Any CPU
		{C9A246E2-63DF-4B77-A8F8-39580A168064}.Release|Any CPU.Build.0 = Release|Any CPU
		{C9A246E2-63DF-4B77-A8F8-39580A168064}.Release|x64.ActiveCfg = Release|Any CPU
		{C9A246E2-63DF-4B77-A8F8-39580A168064}.Release|x64.Build.0 = Release|Any CPU
		{C9A246E2-63DF-4B77-A8F8-39580A168064}.Release|x86.ActiveCfg = Release|Any CPU
		{C9A246E2-63DF-4B77-A8F8-39580A168064}.Release|x86.Build.0 = Release|Any CPU
		{4CF3575B-0EEE-40B3-8FFE-D79AB265E066}.Debug|Any CPU.ActiveCfg = Debug|Any CPU
		{4CF3575B-0EEE-40B3-8FFE-D79AB265E066}.Debug|Any CPU.Build.0 = Debug|Any CPU
		{4CF3575B-0EEE-40B3-8FFE-D79AB265E066}.Debug|x64.ActiveCfg = Debug|Any CPU
		{4CF3575B-0EEE-40B3-8FFE-D79AB265E066}.Debug|x64.Build.0 = Debug|Any CPU
		{4CF3575B-0EEE-40B3-8FFE-D79AB265E066}.Debug|x86.ActiveCfg = Debug|Any CPU
		{4CF3575B-0EEE-40B3-8FFE-D79AB265E066}.Debug|x86.Build.0 = Debug|Any CPU
		{4CF3575B-0EEE-40B3-8FFE-D79AB265E066}.Release|Any CPU.ActiveCfg = Release|Any CPU
		{4CF3575B-0EEE-40B3-8FFE-D79AB265E066}.Release|Any CPU.Build.0 = Release|Any CPU
		{4CF3575B-0EEE-40B3-8FFE-D79AB265E066}.Release|x64.ActiveCfg = Release|Any CPU
		{4CF3575B-0EEE-40B3-8FFE-D79AB265E066}.Release|x64.Build.0 = Release|Any CPU
		{4CF3575B-0EEE-40B3-8FFE-D79AB265E066}.Release|x86.ActiveCfg = Release|Any CPU
		{4CF3575B-0EEE-40B3-8FFE-D79AB265E066}.Release|x86.Build.0 = Release|Any CPU
		{B97CAF64-85DF-4A9F-98C0-912896CE9CAB}.Debug|Any CPU.ActiveCfg = Debug|Any CPU
		{B97CAF64-85DF-4A9F-98C0-912896CE9CAB}.Debug|Any CPU.Build.0 = Debug|Any CPU
		{B97CAF64-85DF-4A9F-98C0-912896CE9CAB}.Debug|x64.ActiveCfg = Debug|Any CPU
		{B97CAF64-85DF-4A9F-98C0-912896CE9CAB}.Debug|x64.Build.0 = Debug|Any CPU
		{B97CAF64-85DF-4A9F-98C0-912896CE9CAB}.Debug|x86.ActiveCfg = Debug|Any CPU
		{B97CAF64-85DF-4A9F-98C0-912896CE9CAB}.Debug|x86.Build.0 = Debug|Any CPU
		{B97CAF64-85DF-4A9F-98C0-912896CE9CAB}.Release|Any CPU.ActiveCfg = Release|Any CPU
		{B97CAF64-85DF-4A9F-98C0-912896CE9CAB}.Release|Any CPU.Build.0 = Release|Any CPU
		{B97CAF64-85DF-4A9F-98C0-912896CE9CAB}.Release|x64.ActiveCfg = Release|Any CPU
		{B97CAF64-85DF-4A9F-98C0-912896CE9CAB}.Release|x64.Build.0 = Release|Any CPU
		{B97CAF64-85DF-4A9F-98C0-912896CE9CAB}.Release|x86.ActiveCfg = Release|Any CPU
		{B97CAF64-85DF-4A9F-98C0-912896CE9CAB}.Release|x86.Build.0 = Release|Any CPU
		{560228C8-86EF-44A4-AA84-CA17ED5F7A9A}.Debug|Any CPU.ActiveCfg = Debug|Any CPU
		{560228C8-86EF-44A4-AA84-CA17ED5F7A9A}.Debug|Any CPU.Build.0 = Debug|Any CPU
		{560228C8-86EF-44A4-AA84-CA17ED5F7A9A}.Debug|x64.ActiveCfg = Debug|Any CPU
		{560228C8-86EF-44A4-AA84-CA17ED5F7A9A}.Debug|x64.Build.0 = Debug|Any CPU
		{560228C8-86EF-44A4-AA84-CA17ED5F7A9A}.Debug|x86.ActiveCfg = Debug|Any CPU
		{560228C8-86EF-44A4-AA84-CA17ED5F7A9A}.Debug|x86.Build.0 = Debug|Any CPU
		{560228C8-86EF-44A4-AA84-CA17ED5F7A9A}.Release|Any CPU.ActiveCfg = Release|Any CPU
		{560228C8-86EF-44A4-AA84-CA17ED5F7A9A}.Release|Any CPU.Build.0 = Release|Any CPU
		{560228C8-86EF-44A4-AA84-CA17ED5F7A9A}.Release|x64.ActiveCfg = Release|Any CPU
		{560228C8-86EF-44A4-AA84-CA17ED5F7A9A}.Release|x64.Build.0 = Release|Any CPU
		{560228C8-86EF-44A4-AA84-CA17ED5F7A9A}.Release|x86.ActiveCfg = Release|Any CPU
		{560228C8-86EF-44A4-AA84-CA17ED5F7A9A}.Release|x86.Build.0 = Release|Any CPU
		{B7668EE1-37AC-4311-9BEE-D1401E89D842}.Debug|Any CPU.ActiveCfg = Debug|Any CPU
		{B7668EE1-37AC-4311-9BEE-D1401E89D842}.Debug|Any CPU.Build.0 = Debug|Any CPU
		{B7668EE1-37AC-4311-9BEE-D1401E89D842}.Debug|x64.ActiveCfg = Debug|Any CPU
		{B7668EE1-37AC-4311-9BEE-D1401E89D842}.Debug|x64.Build.0 = Debug|Any CPU
		{B7668EE1-37AC-4311-9BEE-D1401E89D842}.Debug|x86.ActiveCfg = Debug|Any CPU
		{B7668EE1-37AC-4311-9BEE-D1401E89D842}.Debug|x86.Build.0 = Debug|Any CPU
		{B7668EE1-37AC-4311-9BEE-D1401E89D842}.Release|Any CPU.ActiveCfg = Release|Any CPU
		{B7668EE1-37AC-4311-9BEE-D1401E89D842}.Release|Any CPU.Build.0 = Release|Any CPU
		{B7668EE1-37AC-4311-9BEE-D1401E89D842}.Release|x64.ActiveCfg = Release|Any CPU
		{B7668EE1-37AC-4311-9BEE-D1401E89D842}.Release|x64.Build.0 = Release|Any CPU
		{B7668EE1-37AC-4311-9BEE-D1401E89D842}.Release|x86.ActiveCfg = Release|Any CPU
		{B7668EE1-37AC-4311-9BEE-D1401E89D842}.Release|x86.Build.0 = Release|Any CPU
		{A5D60621-11C1-48E0-90FA-B2325F9209F4}.Debug|Any CPU.ActiveCfg = Debug|Any CPU
		{A5D60621-11C1-48E0-90FA-B2325F9209F4}.Debug|Any CPU.Build.0 = Debug|Any CPU
		{A5D60621-11C1-48E0-90FA-B2325F9209F4}.Debug|x64.ActiveCfg = Debug|Any CPU
		{A5D60621-11C1-48E0-90FA-B2325F9209F4}.Debug|x64.Build.0 = Debug|Any CPU
		{A5D60621-11C1-48E0-90FA-B2325F9209F4}.Debug|x86.ActiveCfg = Debug|Any CPU
		{A5D60621-11C1-48E0-90FA-B2325F9209F4}.Debug|x86.Build.0 = Debug|Any CPU
		{A5D60621-11C1-48E0-90FA-B2325F9209F4}.Release|Any CPU.ActiveCfg = Release|Any CPU
		{A5D60621-11C1-48E0-90FA-B2325F9209F4}.Release|Any CPU.Build.0 = Release|Any CPU
		{A5D60621-11C1-48E0-90FA-B2325F9209F4}.Release|x64.ActiveCfg = Release|Any CPU
		{A5D60621-11C1-48E0-90FA-B2325F9209F4}.Release|x64.Build.0 = Release|Any CPU
		{A5D60621-11C1-48E0-90FA-B2325F9209F4}.Release|x86.ActiveCfg = Release|Any CPU
		{A5D60621-11C1-48E0-90FA-B2325F9209F4}.Release|x86.Build.0 = Release|Any CPU
	EndGlobalSection
	GlobalSection(SolutionProperties) = preSolution
		HideSolutionNode = FALSE
	EndGlobalSection
	GlobalSection(NestedProjects) = preSolution
		{72E579C1-0801-4BD1-AF1D-E34BE534BF40} = {90DCE71B-4939-B80A-CE8C-85DE2210C7AC}
		{FF0E3929-CBDF-D101-A636-4697F11DEC78} = {827E0CD3-B72D-47B6-A68D-7590B98EB39B}
		{BEA52C41-63FB-4F34-8E0D-81D737321C06} = {FF0E3929-CBDF-D101-A636-4697F11DEC78}
		{AB08B9A8-5735-C00D-10FA-B1C840F3028B} = {827E0CD3-B72D-47B6-A68D-7590B98EB39B}
		{A562F2CE-9BFA-44FE-9FA7-2E141538BFE4} = {AB08B9A8-5735-C00D-10FA-B1C840F3028B}
		{2316AC37-D13E-AA76-67FE-5FF3061C05E9} = {827E0CD3-B72D-47B6-A68D-7590B98EB39B}
		{0EAFA58C-B8FF-4158-B505-C78825C25404} = {2316AC37-D13E-AA76-67FE-5FF3061C05E9}
		{27889DCD-4574-4563-8599-58A77E5E35BD} = {2316AC37-D13E-AA76-67FE-5FF3061C05E9}
		{9048EB7F-3875-A59E-E36B-5BD4C6F2A282} = {827E0CD3-B72D-47B6-A68D-7590B98EB39B}
		{22F51159-3DF1-4D77-965A-5719942DEAD8} = {9048EB7F-3875-A59E-E36B-5BD4C6F2A282}
		{1036CFCB-6060-983C-5C00-E8084369FA10} = {827E0CD3-B72D-47B6-A68D-7590B98EB39B}
		{67D31B1C-4E58-4308-9825-401F90C4B759} = {1036CFCB-6060-983C-5C00-E8084369FA10}
		{F4CDE0D6-A992-4855-9E43-6968EF74E357} = {1036CFCB-6060-983C-5C00-E8084369FA10}
		{2CD5D6FA-2800-409D-90E9-C8412D559B24} = {2316AC37-D13E-AA76-67FE-5FF3061C05E9}
		{6AB3ADBE-14A4-4B0D-9582-8D7128DA2D44} = {2316AC37-D13E-AA76-67FE-5FF3061C05E9}
		{715AB55A-4088-3D51-3E9F-B2FAE574034A} = {827E0CD3-B72D-47B6-A68D-7590B98EB39B}
		{347090C0-4941-48F5-A926-B2DB30055201} = {715AB55A-4088-3D51-3E9F-B2FAE574034A}
		{2F0EC8B3-A899-4393-8D51-65B1C3716F48} = {90DCE71B-4939-B80A-CE8C-85DE2210C7AC}
		{65ABFB5D-2B10-DF64-BF12-C17976F8E5D9} = {827E0CD3-B72D-47B6-A68D-7590B98EB39B}
		{EBD19DF6-4D0E-5B8B-6213-7E08AC08F505} = {65ABFB5D-2B10-DF64-BF12-C17976F8E5D9}
		{48053FA9-9446-4659-8616-5A2B21C3F8BB} = {EBD19DF6-4D0E-5B8B-6213-7E08AC08F505}
		{827DAEA2-ED6A-4738-97B9-3ABFF975B482} = {EBD19DF6-4D0E-5B8B-6213-7E08AC08F505}
		{D8095F51-B2D0-499B-8E1A-8FBF208B2E2D} = {EBD19DF6-4D0E-5B8B-6213-7E08AC08F505}
		{C9EBB2D5-4AAC-4BBE-8B1B-44F7560DB7A8} = {EBD19DF6-4D0E-5B8B-6213-7E08AC08F505}
		{C9A246E2-63DF-4B77-A8F8-39580A168064} = {EBD19DF6-4D0E-5B8B-6213-7E08AC08F505}
		{7F0C07ED-FC4E-1A45-876D-1347F35CD80A} = {827E0CD3-B72D-47B6-A68D-7590B98EB39B}
		{4CF3575B-0EEE-40B3-8FFE-D79AB265E066} = {7F0C07ED-FC4E-1A45-876D-1347F35CD80A}
		{B97CAF64-85DF-4A9F-98C0-912896CE9CAB} = {7F0C07ED-FC4E-1A45-876D-1347F35CD80A}
		{560228C8-86EF-44A4-AA84-CA17ED5F7A9A} = {7F0C07ED-FC4E-1A45-876D-1347F35CD80A}
		{B7668EE1-37AC-4311-9BEE-D1401E89D842} = {7F0C07ED-FC4E-1A45-876D-1347F35CD80A}
		{A5D60621-11C1-48E0-90FA-B2325F9209F4} = {7F0C07ED-FC4E-1A45-876D-1347F35CD80A}
	EndGlobalSection
EndGlobal
